
Microsoft Visual Studio Solution File, Format Version 12.00
# Visual Studio 14
VisualStudioVersion = 14.0.23107.0
MinimumVisualStudioVersion = 10.0.40219.1
Project("{FAE04EC0-301F-11D3-BF4B-00C04F79EFBC}") = "SynchronousServerSocket", "src\SynchronousServerSocket\SynchronousServerSocket.csproj", "{C204C39A-55F8-4E4A-9A2A-4398254EA515}"
EndProject
Project("{FAE04EC0-301F-11D3-BF4B-00C04F79EFBC}") = "SynchronousClientSocket", "src\SynchronousClientSocket\SynchronousClientSocket.csproj", "{693AB60C-C4F0-4080-B92A-955E45F3A350}"
EndProject
Project("{FAE04EC0-301F-11D3-BF4B-00C04F79EFBC}") = "AsynchronousServerSocket", "src\AsynchronousServerSocket\AsynchronousServerSocket.csproj", "{15835AB9-786E-4376-89C3-8BCB37F5CB93}"
EndProject
Project("{FAE04EC0-301F-11D3-BF4B-00C04F79EFBC}") = "AsynchronousClientSocket", "src\AsynchronousClientSocket\AsynchronousClientSocket.csproj", "{9B124692-5732-4006-814C-C04F253A5B9F}"
EndProject
Project("{FAE04EC0-301F-11D3-BF4B-00C04F79EFBC}") = "TcpClient", "src\TcpClient\TcpClient.csproj", "{979B0499-C76E-46A2-8D61-2BB9047A0C39}"
EndProject
Global
	GlobalSection(SolutionConfigurationPlatforms) = preSolution
		Debug|Any CPU = Debug|Any CPU
		Release|Any CPU = Release|Any CPU
	EndGlobalSection
	GlobalSection(ProjectConfigurationPlatforms) = postSolution
		{C204C39A-55F8-4E4A-9A2A-4398254EA515}.Debug|Any CPU.ActiveCfg = Debug|Any CPU
		{C204C39A-55F8-4E4A-9A2A-4398254EA515}.Debug|Any CPU.Build.0 = Debug|Any CPU
		{C204C39A-55F8-4E4A-9A2A-4398254EA515}.Release|Any CPU.ActiveCfg = Release|Any CPU
		{C204C39A-55F8-4E4A-9A2A-4398254EA515}.Release|Any CPU.Build.0 = Release|Any CPU
		{693AB60C-C4F0-4080-B92A-955E45F3A350}.Debug|Any CPU.ActiveCfg = Debug|Any CPU
		{693AB60C-C4F0-4080-B92A-955E45F3A350}.Debug|Any CPU.Build.0 = Debug|Any CPU
		{693AB60C-C4F0-4080-B92A-955E45F3A350}.Release|Any CPU.ActiveCfg = Release|Any CPU
		{693AB60C-C4F0-4080-B92A-955E45F3A350}.Release|Any CPU.Build.0 = Release|Any CPU
		{15835AB9-786E-4376-89C3-8BCB37F5CB93}.Debug|Any CPU.ActiveCfg = Debug|Any CPU
		{15835AB9-786E-4376-89C3-8BCB37F5CB93}.Debug|Any CPU.Build.0 = Debug|Any CPU
		{15835AB9-786E-4376-89C3-8BCB37F5CB93}.Release|Any CPU.ActiveCfg = Release|Any CPU
		{15835AB9-786E-4376-89C3-8BCB37F5CB93}.Release|Any CPU.Build.0 = Release|Any CPU
		{9B124692-5732-4006-814C-C04F253A5B9F}.Debug|Any CPU.ActiveCfg = Debug|Any CPU
		{9B124692-5732-4006-814C-C04F253A5B9F}.Debug|Any CPU.Build.0 = Debug|Any CPU
		{9B124692-5732-4006-814C-C04F253A5B9F}.Release|Any CPU.ActiveCfg = Release|Any CPU
		{9B124692-5732-4006-814C-C04F253A5B9F}.Release|Any CPU.Build.0 = Release|Any CPU
		{979B0499-C76E-46A2-8D61-2BB9047A0C39}.Debug|Any CPU.ActiveCfg = Debug|Any CPU
		{979B0499-C76E-46A2-8D61-2BB9047A0C39}.Debug|Any CPU.Build.0 = Debug|Any CPU
		{979B0499-C76E-46A2-8D61-2BB9047A0C39}.Release|Any CPU.ActiveCfg = Release|Any CPU
		{979B0499-C76E-46A2-8D61-2BB9047A0C39}.Release|Any CPU.Build.0 = Release|Any CPU
	EndGlobalSection
	GlobalSection(SolutionProperties) = preSolution
		HideSolutionNode = FALSE
	EndGlobalSection
EndGlobal
